
Microsoft Visual Studio Solution File, Format Version 12.00
# Visual Studio Version 17
VisualStudioVersion = 17.14.36518.9 d17.14
MinimumVisualStudioVersion = 10.0.40219.1
Project("{FAE04EC0-301F-11D3-BF4B-00C04F79EFBC}") = "WatchesShop", "WatchesShop\WatchesShop.csproj", "{9131A141-2CBD-40F8-83D8-A72DD91A653D}"
EndProject
Global
	GlobalSection(SolutionConfigurationPlatforms) = preSolution
		Debug|Any CPU = Debug|Any CPU
		Release|Any CPU = Release|Any CPU
	EndGlobalSection
	GlobalSection(ProjectConfigurationPlatforms) = postSolution
		{9131A141-2CBD-40F8-83D8-A72DD91A653D}.Debug|Any CPU.ActiveCfg = Debug|Any CPU
		{9131A141-2CBD-40F8-83D8-A72DD91A653D}.Debug|Any CPU.Build.0 = Debug|Any CPU
		{9131A141-2CBD-40F8-83D8-A72DD91A653D}.Release|Any CPU.ActiveCfg = Release|Any CPU
		{9131A141-2CBD-40F8-83D8-A72DD91A653D}.Release|Any CPU.Build.0 = Release|Any CPU
	EndGlobalSection
	GlobalSection(SolutionProperties) = preSolution
		HideSolutionNode = FALSE
	EndGlobalSection
	GlobalSection(ExtensibilityGlobals) = postSolution
		SolutionGuid = {053289AC-5DAA-41F9-9B53-EDECA9EFEE15}
	EndGlobalSection
EndGlobal
